// !$*UTF8*$!
{
	archiveVersion = 1;
	classes = {
	};
	objectVersion = 46;
	objects = {

/* Begin PBXBuildFile section */
		186CF3E61CD3245800CF612B /* LoanDetailViewController.m in Sources */ = {isa = PBXBuildFile; fileRef = 186CF3E51CD3245700CF612B /* LoanDetailViewController.m */; };
		186CF3E91CD324A200CF612B /* LoanDetailTableViewCell.m in Sources */ = {isa = PBXBuildFile; fileRef = 186CF3E81CD324A200CF612B /* LoanDetailTableViewCell.m */; };
		186CF3EC1CD32E4F00CF612B /* LineView.m in Sources */ = {isa = PBXBuildFile; fileRef = 186CF3EB1CD32E4F00CF612B /* LineView.m */; };
		186CF3FD1CD33C7500CF612B /* CommentTableViewCell.m in Sources */ = {isa = PBXBuildFile; fileRef = 186CF3FC1CD33C7500CF612B /* CommentTableViewCell.m */; };
		186CF4021CD34D9A00CF612B /* ASPopUpView.m in Sources */ = {isa = PBXBuildFile; fileRef = 186CF3FF1CD34D9A00CF612B /* ASPopUpView.m */; };
		186CF4031CD34D9A00CF612B /* ASProgressPopUpView.m in Sources */ = {isa = PBXBuildFile; fileRef = 186CF4011CD34D9A00CF612B /* ASProgressPopUpView.m */; };
		186CF4061CD35D2500CF612B /* UITableView+FDTemplateLayoutCell.m in Sources */ = {isa = PBXBuildFile; fileRef = 186CF4051CD35D2500CF612B /* UITableView+FDTemplateLayoutCell.m */; };
		186CF4091CD368B000CF612B /* CommentViewController.m in Sources */ = {isa = PBXBuildFile; fileRef = 186CF4081CD368B000CF612B /* CommentViewController.m */; };
		186CF4151CDEF72900CF612B /* GuideView.m in Sources */ = {isa = PBXBuildFile; fileRef = 186CF4141CDEF72900CF612B /* GuideView.m */; };
		186CF4181CDF573700CF612B /* JCCBaseViewController.m in Sources */ = {isa = PBXBuildFile; fileRef = 186CF4171CDF573700CF612B /* JCCBaseViewController.m */; };
		186CF4351CE3727600CF612B /* PPDLoan.bundle in Resources */ = {isa = PBXBuildFile; fileRef = 186CF4331CE3727600CF612B /* PPDLoan.bundle */; };
		186CF4361CE3727600CF612B /* rlibLoansSDK.a in Frameworks */ = {isa = PBXBuildFile; fileRef = 186CF4341CE3727600CF612B /* rlibLoansSDK.a */; };
		186CF4381CE372A600CF612B /* libsqlite3.tbd in Frameworks */ = {isa = PBXBuildFile; fileRef = 186CF4371CE372A600CF612B /* libsqlite3.tbd */; };
		186CF43A1CE372BE00CF612B /* libstdc++.tbd in Frameworks */ = {isa = PBXBuildFile; fileRef = 186CF4391CE372BE00CF612B /* libstdc++.tbd */; };
		186CF43C1CE372CA00CF612B /* libiconv.tbd in Frameworks */ = {isa = PBXBuildFile; fileRef = 186CF43B1CE372CA00CF612B /* libiconv.tbd */; };
		18DA9F911CBFDD920087E2E6 /* HTTPRequestManager.m in Sources */ = {isa = PBXBuildFile; fileRef = 18DA9F901CBFDD920087E2E6 /* HTTPRequestManager.m */; };
		18DA9F941CC10A1A0087E2E6 /* LoanProgressTableViewController.m in Sources */ = {isa = PBXBuildFile; fileRef = 18DA9F931CC10A1A0087E2E6 /* LoanProgressTableViewController.m */; };
		1F7FF2B772D5573A48E68B20 /* libPods.a in Frameworks */ = {isa = PBXBuildFile; fileRef = DDFF7A3F2BF16D036C8E217C /* libPods.a */; };
		AE19DA901CBF38AD00E601E5 /* WEHelper.m in Sources */ = {isa = PBXBuildFile; fileRef = AE19DA8C1CBF38AD00E601E5 /* WEHelper.m */; };
		AE19DA911CBF38AD00E601E5 /* AppFun.m in Sources */ = {isa = PBXBuildFile; fileRef = AE19DA8F1CBF38AD00E601E5 /* AppFun.m */; settings = {COMPILER_FLAGS = "-fno-objc-arc"; }; };
		AE19DA951CBF397200E601E5 /* Reachability.m in Sources */ = {isa = PBXBuildFile; fileRef = AE19DA941CBF397200E601E5 /* Reachability.m */; settings = {COMPILER_FLAGS = "-fno-objc-arc"; }; };
		AE19DA981CBF3AA700E601E5 /* ImagePlayerView.m in Sources */ = {isa = PBXBuildFile; fileRef = AE19DA971CBF3AA700E601E5 /* ImagePlayerView.m */; };
		AE19DAA11CBF3E3100E601E5 /* HomeTableViewCell.m in Sources */ = {isa = PBXBuildFile; fileRef = AE19DAA01CBF3E3100E601E5 /* HomeTableViewCell.m */; };
		AE19DAA51CBF401000E601E5 /* HotBankView.m in Sources */ = {isa = PBXBuildFile; fileRef = AE19DAA31CBF401000E601E5 /* HotBankView.m */; };
		AE19DAA61CBF401000E601E5 /* HotBankView.xib in Resources */ = {isa = PBXBuildFile; fileRef = AE19DAA41CBF401000E601E5 /* HotBankView.xib */; };
		AE19DAAA1CBF4D5500E601E5 /* HotLoanTableViewCell.m in Sources */ = {isa = PBXBuildFile; fileRef = AE19DAA91CBF4D5500E601E5 /* HotLoanTableViewCell.m */; };
		AE19DAAD1CBF4D6800E601E5 /* HotCreditTableViewCell.m in Sources */ = {isa = PBXBuildFile; fileRef = AE19DAAC1CBF4D6800E601E5 /* HotCreditTableViewCell.m */; };
		AE7A01091C9675A60058045F /* main.m in Sources */ = {isa = PBXBuildFile; fileRef = AE7A01081C9675A60058045F /* main.m */; };
		AE7A010C1C9675A60058045F /* AppDelegate.m in Sources */ = {isa = PBXBuildFile; fileRef = AE7A010B1C9675A60058045F /* AppDelegate.m */; };
		AE7A01121C9675A60058045F /* Main.storyboard in Resources */ = {isa = PBXBuildFile; fileRef = AE7A01101C9675A60058045F /* Main.storyboard */; };
		AE7A01141C9675A60058045F /* Assets.xcassets in Resources */ = {isa = PBXBuildFile; fileRef = AE7A01131C9675A60058045F /* Assets.xcassets */; };
		AE7A01171C9675A60058045F /* LaunchScreen.storyboard in Resources */ = {isa = PBXBuildFile; fileRef = AE7A01151C9675A60058045F /* LaunchScreen.storyboard */; };
		AE7A01221C9675A60058045F /* jisudaiTests.m in Sources */ = {isa = PBXBuildFile; fileRef = AE7A01211C9675A60058045F /* jisudaiTests.m */; };
		AE7A012D1C9675A60058045F /* jisudaiUITests.m in Sources */ = {isa = PBXBuildFile; fileRef = AE7A012C1C9675A60058045F /* jisudaiUITests.m */; };
		AE7A013F1C96AF110058045F /* JCCBaseWebViewController.m in Sources */ = {isa = PBXBuildFile; fileRef = AE7A013E1C96AF110058045F /* JCCBaseWebViewController.m */; };
		AE7A01421C96AF200058045F /* MKWebView.m in Sources */ = {isa = PBXBuildFile; fileRef = AE7A01411C96AF200058045F /* MKWebView.m */; };
		AE7A01461C96AFBD0058045F /* MainViewController.m in Sources */ = {isa = PBXBuildFile; fileRef = AE7A01451C96AFBD0058045F /* MainViewController.m */; };
		AE7A014A1C96B0000058045F /* DaikuanViewController.m in Sources */ = {isa = PBXBuildFile; fileRef = AE7A01491C96B0000058045F /* DaikuanViewController.m */; };
		AE7A014D1C96B00F0058045F /* CreditCardViewController.m in Sources */ = {isa = PBXBuildFile; fileRef = AE7A014C1C96B00F0058045F /* CreditCardViewController.m */; };
		AE7A01501C96BEB60058045F /* ZYNavigationViewController.m in Sources */ = {isa = PBXBuildFile; fileRef = AE7A014F1C96BEB60058045F /* ZYNavigationViewController.m */; };
		AE7A01531C96C4D30058045F /* ZYTabViewController.m in Sources */ = {isa = PBXBuildFile; fileRef = AE7A01521C96C4D30058045F /* ZYTabViewController.m */; };
		AE7A01561C96C4EF0058045F /* UIColor+Extend.m in Sources */ = {isa = PBXBuildFile; fileRef = AE7A01551C96C4EF0058045F /* UIColor+Extend.m */; };
		AE7A01931C9B9EFA0058045F /* KLReachabilityManager.m in Sources */ = {isa = PBXBuildFile; fileRef = AE7A01921C9B9EFA0058045F /* KLReachabilityManager.m */; };
		AE7CFB4F1CACCF36003EC1CF /* UserViewController.m in Sources */ = {isa = PBXBuildFile; fileRef = AE7CFB4E1CACCF36003EC1CF /* UserViewController.m */; };
		AEE825B11CB763E100690130 /* libWeChatSDK.a in Frameworks */ = {isa = PBXBuildFile; fileRef = AEE825AC1CB763E100690130 /* libWeChatSDK.a */; };
		AEE825B21CB763E100690130 /* read_me.txt in Resources */ = {isa = PBXBuildFile; fileRef = AEE825AD1CB763E100690130 /* read_me.txt */; };
		AEE825B51CB77F6600690130 /* libz.tbd in Frameworks */ = {isa = PBXBuildFile; fileRef = AEE825B41CB77F6600690130 /* libz.tbd */; };
		AEE825B71CB77F7500690130 /* libsqlite3.0.tbd in Frameworks */ = {isa = PBXBuildFile; fileRef = AEE825B61CB77F7500690130 /* libsqlite3.0.tbd */; };
		AEE825B91CB77F8C00690130 /* CoreTelephony.framework in Frameworks */ = {isa = PBXBuildFile; fileRef = AEE825B81CB77F8C00690130 /* CoreTelephony.framework */; };
		AEE825BB1CB77F9800690130 /* SystemConfiguration.framework in Frameworks */ = {isa = PBXBuildFile; fileRef = AEE825BA1CB77F9800690130 /* SystemConfiguration.framework */; };
		AEE825BD1CB77FA200690130 /* UIKit.framework in Frameworks */ = {isa = PBXBuildFile; fileRef = AEE825BC1CB77FA200690130 /* UIKit.framework */; };
		AEE825BF1CB77FAC00690130 /* Foundation.framework in Frameworks */ = {isa = PBXBuildFile; fileRef = AEE825BE1CB77FAC00690130 /* Foundation.framework */; };
		AEE825C11CB7849E00690130 /* libc++.tbd in Frameworks */ = {isa = PBXBuildFile; fileRef = AEE825C01CB7849E00690130 /* libc++.tbd */; };
		AEE825D11CBB71EA00690130 /* CreditManagerViewController.m in Sources */ = {isa = PBXBuildFile; fileRef = AEE825D01CBB71EA00690130 /* CreditManagerViewController.m */; };
		AEE8BEF11CAE56B000064618 /* FeedBackViewController.m in Sources */ = {isa = PBXBuildFile; fileRef = AEE8BEF01CAE56B000064618 /* FeedBackViewController.m */; };
		AEE8BEF41CAE570C00064618 /* UITextView+Placeholder.m in Sources */ = {isa = PBXBuildFile; fileRef = AEE8BEF31CAE570C00064618 /* UITextView+Placeholder.m */; };
		AEE8BEF71CAE571B00064618 /* ZYTextField.m in Sources */ = {isa = PBXBuildFile; fileRef = AEE8BEF61CAE571B00064618 /* ZYTextField.m */; };
		AEE8BEFC1CAE5B6000064618 /* UIViewExt.m in Sources */ = {isa = PBXBuildFile; fileRef = AEE8BEFB1CAE5B6000064618 /* UIViewExt.m */; };
		AEE8BF021CAE61CD00064618 /* AboutUsViewController.m in Sources */ = {isa = PBXBuildFile; fileRef = AEE8BF011CAE61CD00064618 /* AboutUsViewController.m */; };
/* End PBXBuildFile section */

/* Begin PBXContainerItemProxy section */
		AE7A011E1C9675A60058045F /* PBXContainerItemProxy */ = {
			isa = PBXContainerItemProxy;
			containerPortal = AE7A00FC1C9675A60058045F /* Project object */;
			proxyType = 1;
			remoteGlobalIDString = AE7A01031C9675A60058045F;
			remoteInfo = jisudai;
		};
		AE7A01291C9675A60058045F /* PBXContainerItemProxy */ = {
			isa = PBXContainerItemProxy;
			containerPortal = AE7A00FC1C9675A60058045F /* Project object */;
			proxyType = 1;
			remoteGlobalIDString = AE7A01031C9675A60058045F;
			remoteInfo = jisudai;
		};
/* End PBXContainerItemProxy section */

/* Begin PBXFileReference section */
		186CF3E41CD3245700CF612B /* LoanDetailViewController.h */ = {isa = PBXFileReference; fileEncoding = 4; lastKnownFileType = sourcecode.c.h; path = LoanDetailViewController.h; sourceTree = "<group>"; };
		186CF3E51CD3245700CF612B /* LoanDetailViewController.m */ = {isa = PBXFileReference; fileEncoding = 4; lastKnownFileType = sourcecode.c.objc; path = LoanDetailViewController.m; sourceTree = "<group>"; };
		186CF3E71CD324A200CF612B /* LoanDetailTableViewCell.h */ = {isa = PBXFileReference; fileEncoding = 4; lastKnownFileType = sourcecode.c.h; path = LoanDetailTableViewCell.h; sourceTree = "<group>"; };
		186CF3E81CD324A200CF612B /* LoanDetailTableViewCell.m */ = {isa = PBXFileReference; fileEncoding = 4; lastKnownFileType = sourcecode.c.objc; path = LoanDetailTableViewCell.m; sourceTree = "<group>"; };
		186CF3EA1CD32E4F00CF612B /* LineView.h */ = {isa = PBXFileReference; fileEncoding = 4; lastKnownFileType = sourcecode.c.h; path = LineView.h; sourceTree = "<group>"; };
		186CF3EB1CD32E4F00CF612B /* LineView.m */ = {isa = PBXFileReference; fileEncoding = 4; lastKnownFileType = sourcecode.c.objc; path = LineView.m; sourceTree = "<group>"; };
		186CF3FB1CD33C7500CF612B /* CommentTableViewCell.h */ = {isa = PBXFileReference; fileEncoding = 4; lastKnownFileType = sourcecode.c.h; path = CommentTableViewCell.h; sourceTree = "<group>"; };
		186CF3FC1CD33C7500CF612B /* CommentTableViewCell.m */ = {isa = PBXFileReference; fileEncoding = 4; lastKnownFileType = sourcecode.c.objc; path = CommentTableViewCell.m; sourceTree = "<group>"; };
		186CF3FE1CD34D9A00CF612B /* ASPopUpView.h */ = {isa = PBXFileReference; fileEncoding = 4; lastKnownFileType = sourcecode.c.h; path = ASPopUpView.h; sourceTree = "<group>"; };
		186CF3FF1CD34D9A00CF612B /* ASPopUpView.m */ = {isa = PBXFileReference; fileEncoding = 4; lastKnownFileType = sourcecode.c.objc; path = ASPopUpView.m; sourceTree = "<group>"; };
		186CF4001CD34D9A00CF612B /* ASProgressPopUpView.h */ = {isa = PBXFileReference; fileEncoding = 4; lastKnownFileType = sourcecode.c.h; path = ASProgressPopUpView.h; sourceTree = "<group>"; };
		186CF4011CD34D9A00CF612B /* ASProgressPopUpView.m */ = {isa = PBXFileReference; fileEncoding = 4; lastKnownFileType = sourcecode.c.objc; path = ASProgressPopUpView.m; sourceTree = "<group>"; };
		186CF4041CD35D2500CF612B /* UITableView+FDTemplateLayoutCell.h */ = {isa = PBXFileReference; fileEncoding = 4; lastKnownFileType = sourcecode.c.h; path = "UITableView+FDTemplateLayoutCell.h"; sourceTree = "<group>"; };
		186CF4051CD35D2500CF612B /* UITableView+FDTemplateLayoutCell.m */ = {isa = PBXFileReference; fileEncoding = 4; lastKnownFileType = sourcecode.c.objc; path = "UITableView+FDTemplateLayoutCell.m"; sourceTree = "<group>"; };
		186CF4071CD368B000CF612B /* CommentViewController.h */ = {isa = PBXFileReference; fileEncoding = 4; lastKnownFileType = sourcecode.c.h; path = CommentViewController.h; sourceTree = "<group>"; };
		186CF4081CD368B000CF612B /* CommentViewController.m */ = {isa = PBXFileReference; fileEncoding = 4; lastKnownFileType = sourcecode.c.objc; path = CommentViewController.m; sourceTree = "<group>"; };
		186CF4131CDEF72900CF612B /* GuideView.h */ = {isa = PBXFileReference; fileEncoding = 4; lastKnownFileType = sourcecode.c.h; path = GuideView.h; sourceTree = "<group>"; };
		186CF4141CDEF72900CF612B /* GuideView.m */ = {isa = PBXFileReference; fileEncoding = 4; lastKnownFileType = sourcecode.c.objc; path = GuideView.m; sourceTree = "<group>"; };
		186CF4161CDF573700CF612B /* JCCBaseViewController.h */ = {isa = PBXFileReference; fileEncoding = 4; lastKnownFileType = sourcecode.c.h; path = JCCBaseViewController.h; sourceTree = "<group>"; };
		186CF4171CDF573700CF612B /* JCCBaseViewController.m */ = {isa = PBXFileReference; fileEncoding = 4; lastKnownFileType = sourcecode.c.objc; path = JCCBaseViewController.m; sourceTree = "<group>"; };
		186CF4301CE3727600CF612B /* LoansSDK.h */ = {isa = PBXFileReference; fileEncoding = 4; lastKnownFileType = sourcecode.c.h; path = LoansSDK.h; sourceTree = "<group>"; };
		186CF4311CE3727600CF612B /* PPDLoanSdk.h */ = {isa = PBXFileReference; fileEncoding = 4; lastKnownFileType = sourcecode.c.h; path = PPDLoanSdk.h; sourceTree = "<group>"; };
		186CF4321CE3727600CF612B /* PPDRsa.h */ = {isa = PBXFileReference; fileEncoding = 4; lastKnownFileType = sourcecode.c.h; path = PPDRsa.h; sourceTree = "<group>"; };
		186CF4331CE3727600CF612B /* PPDLoan.bundle */ = {isa = PBXFileReference; lastKnownFileType = "wrapper.plug-in"; path = PPDLoan.bundle; sourceTree = "<group>"; };
		186CF4341CE3727600CF612B /* rlibLoansSDK.a */ = {isa = PBXFileReference; lastKnownFileType = archive.ar; path = rlibLoansSDK.a; sourceTree = "<group>"; };
		186CF4371CE372A600CF612B /* libsqlite3.tbd */ = {isa = PBXFileReference; lastKnownFileType = "sourcecode.text-based-dylib-definition"; name = libsqlite3.tbd; path = usr/lib/libsqlite3.tbd; sourceTree = SDKROOT; };
		186CF4391CE372BE00CF612B /* libstdc++.tbd */ = {isa = PBXFileReference; lastKnownFileType = "sourcecode.text-based-dylib-definition"; name = "libstdc++.tbd"; path = "usr/lib/libstdc++.tbd"; sourceTree = SDKROOT; };
		186CF43B1CE372CA00CF612B /* libiconv.tbd */ = {isa = PBXFileReference; lastKnownFileType = "sourcecode.text-based-dylib-definition"; name = libiconv.tbd; path = usr/lib/libiconv.tbd; sourceTree = SDKROOT; };
		18DA9F8F1CBFDD920087E2E6 /* HTTPRequestManager.h */ = {isa = PBXFileReference; fileEncoding = 4; lastKnownFileType = sourcecode.c.h; path = HTTPRequestManager.h; sourceTree = "<group>"; };
		18DA9F901CBFDD920087E2E6 /* HTTPRequestManager.m */ = {isa = PBXFileReference; fileEncoding = 4; lastKnownFileType = sourcecode.c.objc; path = HTTPRequestManager.m; sourceTree = "<group>"; };
		18DA9F921CC10A1A0087E2E6 /* LoanProgressTableViewController.h */ = {isa = PBXFileReference; fileEncoding = 4; lastKnownFileType = sourcecode.c.h; path = LoanProgressTableViewController.h; sourceTree = "<group>"; };
		18DA9F931CC10A1A0087E2E6 /* LoanProgressTableViewController.m */ = {isa = PBXFileReference; fileEncoding = 4; lastKnownFileType = sourcecode.c.objc; path = LoanProgressTableViewController.m; sourceTree = "<group>"; };
		A1E92D080D59A954FB1AF1F6 /* Pods.debug.xcconfig */ = {isa = PBXFileReference; includeInIndex = 1; lastKnownFileType = text.xcconfig; name = Pods.debug.xcconfig; path = "Pods/Target Support Files/Pods/Pods.debug.xcconfig"; sourceTree = "<group>"; };
		AE19DA8B1CBF38AD00E601E5 /* WEHelper.h */ = {isa = PBXFileReference; fileEncoding = 4; lastKnownFileType = sourcecode.c.h; path = WEHelper.h; sourceTree = "<group>"; };
		AE19DA8C1CBF38AD00E601E5 /* WEHelper.m */ = {isa = PBXFileReference; fileEncoding = 4; lastKnownFileType = sourcecode.c.objc; path = WEHelper.m; sourceTree = "<group>"; };
		AE19DA8D1CBF38AD00E601E5 /* AppMacDef.h */ = {isa = PBXFileReference; fileEncoding = 4; lastKnownFileType = sourcecode.c.h; path = AppMacDef.h; sourceTree = "<group>"; };
		AE19DA8E1CBF38AD00E601E5 /* AppFun.h */ = {isa = PBXFileReference; fileEncoding = 4; lastKnownFileType = sourcecode.c.h; path = AppFun.h; sourceTree = "<group>"; };
		AE19DA8F1CBF38AD00E601E5 /* AppFun.m */ = {isa = PBXFileReference; fileEncoding = 4; lastKnownFileType = sourcecode.c.objc; path = AppFun.m; sourceTree = "<group>"; };
		AE19DA921CBF38D300E601E5 /* jisudai-PrefixHeader.pch */ = {isa = PBXFileReference; fileEncoding = 4; lastKnownFileType = sourcecode.c.h; path = "jisudai-PrefixHeader.pch"; sourceTree = "<group>"; };
		AE19DA931CBF397200E601E5 /* Reachability.h */ = {isa = PBXFileReference; fileEncoding = 4; lastKnownFileType = sourcecode.c.h; path = Reachability.h; sourceTree = "<group>"; };
		AE19DA941CBF397200E601E5 /* Reachability.m */ = {isa = PBXFileReference; fileEncoding = 4; lastKnownFileType = sourcecode.c.objc; path = Reachability.m; sourceTree = "<group>"; };
		AE19DA961CBF3AA700E601E5 /* ImagePlayerView.h */ = {isa = PBXFileReference; fileEncoding = 4; lastKnownFileType = sourcecode.c.h; path = ImagePlayerView.h; sourceTree = "<group>"; };
		AE19DA971CBF3AA700E601E5 /* ImagePlayerView.m */ = {isa = PBXFileReference; fileEncoding = 4; lastKnownFileType = sourcecode.c.objc; path = ImagePlayerView.m; sourceTree = "<group>"; };
		AE19DA9D1CBF3DB600E601E5 /* HTML5_URL.h */ = {isa = PBXFileReference; fileEncoding = 4; lastKnownFileType = sourcecode.c.h; path = HTML5_URL.h; sourceTree = "<group>"; };
		AE19DA9F1CBF3E3100E601E5 /* HomeTableViewCell.h */ = {isa = PBXFileReference; fileEncoding = 4; lastKnownFileType = sourcecode.c.h; path = HomeTableViewCell.h; sourceTree = "<group>"; };
		AE19DAA01CBF3E3100E601E5 /* HomeTableViewCell.m */ = {isa = PBXFileReference; fileEncoding = 4; lastKnownFileType = sourcecode.c.objc; path = HomeTableViewCell.m; sourceTree = "<group>"; };
		AE19DAA21CBF401000E601E5 /* HotBankView.h */ = {isa = PBXFileReference; fileEncoding = 4; lastKnownFileType = sourcecode.c.h; path = HotBankView.h; sourceTree = "<group>"; };
		AE19DAA31CBF401000E601E5 /* HotBankView.m */ = {isa = PBXFileReference; fileEncoding = 4; lastKnownFileType = sourcecode.c.objc; path = HotBankView.m; sourceTree = "<group>"; };
		AE19DAA41CBF401000E601E5 /* HotBankView.xib */ = {isa = PBXFileReference; fileEncoding = 4; lastKnownFileType = file.xib; path = HotBankView.xib; sourceTree = "<group>"; };
		AE19DAA81CBF4D5500E601E5 /* HotLoanTableViewCell.h */ = {isa = PBXFileReference; fileEncoding = 4; lastKnownFileType = sourcecode.c.h; path = HotLoanTableViewCell.h; sourceTree = "<group>"; };
		AE19DAA91CBF4D5500E601E5 /* HotLoanTableViewCell.m */ = {isa = PBXFileReference; fileEncoding = 4; lastKnownFileType = sourcecode.c.objc; path = HotLoanTableViewCell.m; sourceTree = "<group>"; };
		AE19DAAB1CBF4D6800E601E5 /* HotCreditTableViewCell.h */ = {isa = PBXFileReference; fileEncoding = 4; lastKnownFileType = sourcecode.c.h; path = HotCreditTableViewCell.h; sourceTree = "<group>"; };
		AE19DAAC1CBF4D6800E601E5 /* HotCreditTableViewCell.m */ = {isa = PBXFileReference; fileEncoding = 4; lastKnownFileType = sourcecode.c.objc; path = HotCreditTableViewCell.m; sourceTree = "<group>"; };
		AE7A01041C9675A60058045F /* jisudai.app */ = {isa = PBXFileReference; explicitFileType = wrapper.application; includeInIndex = 0; path = jisudai.app; sourceTree = BUILT_PRODUCTS_DIR; };
		AE7A01081C9675A60058045F /* main.m */ = {isa = PBXFileReference; lastKnownFileType = sourcecode.c.objc; path = main.m; sourceTree = "<group>"; };
		AE7A010A1C9675A60058045F /* AppDelegate.h */ = {isa = PBXFileReference; lastKnownFileType = sourcecode.c.h; path = AppDelegate.h; sourceTree = "<group>"; };
		AE7A010B1C9675A60058045F /* AppDelegate.m */ = {isa = PBXFileReference; lastKnownFileType = sourcecode.c.objc; path = AppDelegate.m; sourceTree = "<group>"; };
		AE7A01111C9675A60058045F /* Base */ = {isa = PBXFileReference; lastKnownFileType = file.storyboard; name = Base; path = Base.lproj/Main.storyboard; sourceTree = "<group>"; };
		AE7A01131C9675A60058045F /* Assets.xcassets */ = {isa = PBXFileReference; lastKnownFileType = folder.assetcatalog; path = Assets.xcassets; sourceTree = "<group>"; };
		AE7A01161C9675A60058045F /* Base */ = {isa = PBXFileReference; lastKnownFileType = file.storyboard; name = Base; path = Base.lproj/LaunchScreen.storyboard; sourceTree = "<group>"; };
		AE7A01181C9675A60058045F /* Info.plist */ = {isa = PBXFileReference; lastKnownFileType = text.plist.xml; path = Info.plist; sourceTree = "<group>"; };
		AE7A011D1C9675A60058045F /* jisudaiTests.xctest */ = {isa = PBXFileReference; explicitFileType = wrapper.cfbundle; includeInIndex = 0; path = jisudaiTests.xctest; sourceTree = BUILT_PRODUCTS_DIR; };
		AE7A01211C9675A60058045F /* jisudaiTests.m */ = {isa = PBXFileReference; lastKnownFileType = sourcecode.c.objc; path = jisudaiTests.m; sourceTree = "<group>"; };
		AE7A01231C9675A60058045F /* Info.plist */ = {isa = PBXFileReference; lastKnownFileType = text.plist.xml; path = Info.plist; sourceTree = "<group>"; };
		AE7A01281C9675A60058045F /* jisudaiUITests.xctest */ = {isa = PBXFileReference; explicitFileType = wrapper.cfbundle; includeInIndex = 0; path = jisudaiUITests.xctest; sourceTree = BUILT_PRODUCTS_DIR; };
		AE7A012C1C9675A60058045F /* jisudaiUITests.m */ = {isa = PBXFileReference; lastKnownFileType = sourcecode.c.objc; path = jisudaiUITests.m; sourceTree = "<group>"; };
		AE7A012E1C9675A60058045F /* Info.plist */ = {isa = PBXFileReference; lastKnownFileType = text.plist.xml; path = Info.plist; sourceTree = "<group>"; };
		AE7A013D1C96AF110058045F /* JCCBaseWebViewController.h */ = {isa = PBXFileReference; fileEncoding = 4; lastKnownFileType = sourcecode.c.h; path = JCCBaseWebViewController.h; sourceTree = "<group>"; };
		AE7A013E1C96AF110058045F /* JCCBaseWebViewController.m */ = {isa = PBXFileReference; fileEncoding = 4; lastKnownFileType = sourcecode.c.objc; path = JCCBaseWebViewController.m; sourceTree = "<group>"; };
		AE7A01401C96AF200058045F /* MKWebView.h */ = {isa = PBXFileReference; fileEncoding = 4; lastKnownFileType = sourcecode.c.h; path = MKWebView.h; sourceTree = "<group>"; };
		AE7A01411C96AF200058045F /* MKWebView.m */ = {isa = PBXFileReference; fileEncoding = 4; lastKnownFileType = sourcecode.c.objc; path = MKWebView.m; sourceTree = "<group>"; };
		AE7A01441C96AFBD0058045F /* MainViewController.h */ = {isa = PBXFileReference; fileEncoding = 4; lastKnownFileType = sourcecode.c.h; path = MainViewController.h; sourceTree = "<group>"; };
		AE7A01451C96AFBD0058045F /* MainViewController.m */ = {isa = PBXFileReference; fileEncoding = 4; lastKnownFileType = sourcecode.c.objc; path = MainViewController.m; sourceTree = "<group>"; };
		AE7A01481C96B0000058045F /* DaikuanViewController.h */ = {isa = PBXFileReference; fileEncoding = 4; lastKnownFileType = sourcecode.c.h; path = DaikuanViewController.h; sourceTree = "<group>"; };
		AE7A01491C96B0000058045F /* DaikuanViewController.m */ = {isa = PBXFileReference; fileEncoding = 4; lastKnownFileType = sourcecode.c.objc; path = DaikuanViewController.m; sourceTree = "<group>"; };
		AE7A014B1C96B00F0058045F /* CreditCardViewController.h */ = {isa = PBXFileReference; fileEncoding = 4; lastKnownFileType = sourcecode.c.h; path = CreditCardViewController.h; sourceTree = "<group>"; };
		AE7A014C1C96B00F0058045F /* CreditCardViewController.m */ = {isa = PBXFileReference; fileEncoding = 4; lastKnownFileType = sourcecode.c.objc; path = CreditCardViewController.m; sourceTree = "<group>"; };
		AE7A014E1C96BEB60058045F /* ZYNavigationViewController.h */ = {isa = PBXFileReference; fileEncoding = 4; lastKnownFileType = sourcecode.c.h; path = ZYNavigationViewController.h; sourceTree = "<group>"; };
		AE7A014F1C96BEB60058045F /* ZYNavigationViewController.m */ = {isa = PBXFileReference; fileEncoding = 4; lastKnownFileType = sourcecode.c.objc; path = ZYNavigationViewController.m; sourceTree = "<group>"; };
		AE7A01511C96C4D30058045F /* ZYTabViewController.h */ = {isa = PBXFileReference; fileEncoding = 4; lastKnownFileType = sourcecode.c.h; path = ZYTabViewController.h; sourceTree = "<group>"; };
		AE7A01521C96C4D30058045F /* ZYTabViewController.m */ = {isa = PBXFileReference; fileEncoding = 4; lastKnownFileType = sourcecode.c.objc; path = ZYTabViewController.m; sourceTree = "<group>"; };
		AE7A01541C96C4EF0058045F /* UIColor+Extend.h */ = {isa = PBXFileReference; fileEncoding = 4; lastKnownFileType = sourcecode.c.h; path = "UIColor+Extend.h"; sourceTree = "<group>"; };
		AE7A01551C96C4EF0058045F /* UIColor+Extend.m */ = {isa = PBXFileReference; fileEncoding = 4; lastKnownFileType = sourcecode.c.objc; path = "UIColor+Extend.m"; sourceTree = "<group>"; };
		AE7A01911C9B9EFA0058045F /* KLReachabilityManager.h */ = {isa = PBXFileReference; fileEncoding = 4; lastKnownFileType = sourcecode.c.h; path = KLReachabilityManager.h; sourceTree = "<group>"; };
		AE7A01921C9B9EFA0058045F /* KLReachabilityManager.m */ = {isa = PBXFileReference; fileEncoding = 4; lastKnownFileType = sourcecode.c.objc; path = KLReachabilityManager.m; sourceTree = "<group>"; };
		AE7CFB4D1CACCF36003EC1CF /* UserViewController.h */ = {isa = PBXFileReference; fileEncoding = 4; lastKnownFileType = sourcecode.c.h; path = UserViewController.h; sourceTree = "<group>"; };
		AE7CFB4E1CACCF36003EC1CF /* UserViewController.m */ = {isa = PBXFileReference; fileEncoding = 4; lastKnownFileType = sourcecode.c.objc; path = UserViewController.m; sourceTree = "<group>"; };
		AEE825AC1CB763E100690130 /* libWeChatSDK.a */ = {isa = PBXFileReference; lastKnownFileType = archive.ar; path = libWeChatSDK.a; sourceTree = "<group>"; };
		AEE825AD1CB763E100690130 /* read_me.txt */ = {isa = PBXFileReference; fileEncoding = 4; lastKnownFileType = text; path = read_me.txt; sourceTree = "<group>"; };
		AEE825AE1CB763E100690130 /* WechatAuthSDK.h */ = {isa = PBXFileReference; fileEncoding = 4; lastKnownFileType = sourcecode.c.h; path = WechatAuthSDK.h; sourceTree = "<group>"; };
		AEE825AF1CB763E100690130 /* WXApi.h */ = {isa = PBXFileReference; fileEncoding = 4; lastKnownFileType = sourcecode.c.h; path = WXApi.h; sourceTree = "<group>"; };
		AEE825B01CB763E100690130 /* WXApiObject.h */ = {isa = PBXFileReference; fileEncoding = 4; lastKnownFileType = sourcecode.c.h; path = WXApiObject.h; sourceTree = "<group>"; };
		AEE825B41CB77F6600690130 /* libz.tbd */ = {isa = PBXFileReference; lastKnownFileType = "sourcecode.text-based-dylib-definition"; name = libz.tbd; path = usr/lib/libz.tbd; sourceTree = SDKROOT; };
		AEE825B61CB77F7500690130 /* libsqlite3.0.tbd */ = {isa = PBXFileReference; lastKnownFileType = "sourcecode.text-based-dylib-definition"; name = libsqlite3.0.tbd; path = usr/lib/libsqlite3.0.tbd; sourceTree = SDKROOT; };
		AEE825B81CB77F8C00690130 /* CoreTelephony.framework */ = {isa = PBXFileReference; lastKnownFileType = wrapper.framework; name = CoreTelephony.framework; path = System/Library/Frameworks/CoreTelephony.framework; sourceTree = SDKROOT; };
		AEE825BA1CB77F9800690130 /* SystemConfiguration.framework */ = {isa = PBXFileReference; lastKnownFileType = wrapper.framework; name = SystemConfiguration.framework; path = System/Library/Frameworks/SystemConfiguration.framework; sourceTree = SDKROOT; };
		AEE825BC1CB77FA200690130 /* UIKit.framework */ = {isa = PBXFileReference; lastKnownFileType = wrapper.framework; name = UIKit.framework; path = System/Library/Frameworks/UIKit.framework; sourceTree = SDKROOT; };
		AEE825BE1CB77FAC00690130 /* Foundation.framework */ = {isa = PBXFileReference; lastKnownFileType = wrapper.framework; name = Foundation.framework; path = System/Library/Frameworks/Foundation.framework; sourceTree = SDKROOT; };
		AEE825C01CB7849E00690130 /* libc++.tbd */ = {isa = PBXFileReference; lastKnownFileType = "sourcecode.text-based-dylib-definition"; name = "libc++.tbd"; path = "usr/lib/libc++.tbd"; sourceTree = SDKROOT; };
		AEE825CD1CBB6FAB00690130 /* libxml2.tbd */ = {isa = PBXFileReference; lastKnownFileType = "sourcecode.text-based-dylib-definition"; name = libxml2.tbd; path = usr/lib/libxml2.tbd; sourceTree = SDKROOT; };
		AEE825CF1CBB71EA00690130 /* CreditManagerViewController.h */ = {isa = PBXFileReference; fileEncoding = 4; lastKnownFileType = sourcecode.c.h; path = CreditManagerViewController.h; sourceTree = "<group>"; };
		AEE825D01CBB71EA00690130 /* CreditManagerViewController.m */ = {isa = PBXFileReference; fileEncoding = 4; lastKnownFileType = sourcecode.c.objc; path = CreditManagerViewController.m; sourceTree = "<group>"; };
		AEE8BEEF1CAE56B000064618 /* FeedBackViewController.h */ = {isa = PBXFileReference; fileEncoding = 4; lastKnownFileType = sourcecode.c.h; path = FeedBackViewController.h; sourceTree = "<group>"; };
		AEE8BEF01CAE56B000064618 /* FeedBackViewController.m */ = {isa = PBXFileReference; fileEncoding = 4; lastKnownFileType = sourcecode.c.objc; path = FeedBackViewController.m; sourceTree = "<group>"; };
		AEE8BEF21CAE570C00064618 /* UITextView+Placeholder.h */ = {isa = PBXFileReference; fileEncoding = 4; lastKnownFileType = sourcecode.c.h; path = "UITextView+Placeholder.h"; sourceTree = "<group>"; };
		AEE8BEF31CAE570C00064618 /* UITextView+Placeholder.m */ = {isa = PBXFileReference; fileEncoding = 4; lastKnownFileType = sourcecode.c.objc; path = "UITextView+Placeholder.m"; sourceTree = "<group>"; };
		AEE8BEF51CAE571B00064618 /* ZYTextField.h */ = {isa = PBXFileReference; fileEncoding = 4; lastKnownFileType = sourcecode.c.h; path = ZYTextField.h; sourceTree = "<group>"; };
		AEE8BEF61CAE571B00064618 /* ZYTextField.m */ = {isa = PBXFileReference; fileEncoding = 4; lastKnownFileType = sourcecode.c.objc; path = ZYTextField.m; sourceTree = "<group>"; };
		AEE8BEF91CAE574B00064618 /* JCCDefine.h */ = {isa = PBXFileReference; fileEncoding = 4; lastKnownFileType = sourcecode.c.h; path = JCCDefine.h; sourceTree = "<group>"; };
		AEE8BEFA1CAE5B6000064618 /* UIViewExt.h */ = {isa = PBXFileReference; fileEncoding = 4; lastKnownFileType = sourcecode.c.h; path = UIViewExt.h; sourceTree = "<group>"; };
		AEE8BEFB1CAE5B6000064618 /* UIViewExt.m */ = {isa = PBXFileReference; fileEncoding = 4; lastKnownFileType = sourcecode.c.objc; path = UIViewExt.m; sourceTree = "<group>"; };
		AEE8BF001CAE61CD00064618 /* AboutUsViewController.h */ = {isa = PBXFileReference; fileEncoding = 4; lastKnownFileType = sourcecode.c.h; path = AboutUsViewController.h; sourceTree = "<group>"; };
		AEE8BF011CAE61CD00064618 /* AboutUsViewController.m */ = {isa = PBXFileReference; fileEncoding = 4; lastKnownFileType = sourcecode.c.objc; path = AboutUsViewController.m; sourceTree = "<group>"; };
		DDFF7A3F2BF16D036C8E217C /* libPods.a */ = {isa = PBXFileReference; explicitFileType = archive.ar; includeInIndex = 0; path = libPods.a; sourceTree = BUILT_PRODUCTS_DIR; };
		E8E239A8D02EA74D23DAC96E /* Pods.release.xcconfig */ = {isa = PBXFileReference; includeInIndex = 1; lastKnownFileType = text.xcconfig; name = Pods.release.xcconfig; path = "Pods/Target Support Files/Pods/Pods.release.xcconfig"; sourceTree = "<group>"; };
/* End PBXFileReference section */

/* Begin PBXFrameworksBuildPhase section */
		AE7A01011C9675A60058045F /* Frameworks */ = {
			isa = PBXFrameworksBuildPhase;
			buildActionMask = 2147483647;
			files = (
				186CF43C1CE372CA00CF612B /* libiconv.tbd in Frameworks */,
				186CF43A1CE372BE00CF612B /* libstdc++.tbd in Frameworks */,
				186CF4381CE372A600CF612B /* libsqlite3.tbd in Frameworks */,
				AEE825C11CB7849E00690130 /* libc++.tbd in Frameworks */,
				AEE825BF1CB77FAC00690130 /* Foundation.framework in Frameworks */,
				AEE825BD1CB77FA200690130 /* UIKit.framework in Frameworks */,
				AEE825BB1CB77F9800690130 /* SystemConfiguration.framework in Frameworks */,
				AEE825B91CB77F8C00690130 /* CoreTelephony.framework in Frameworks */,
				186CF4361CE3727600CF612B /* rlibLoansSDK.a in Frameworks */,
				AEE825B71CB77F7500690130 /* libsqlite3.0.tbd in Frameworks */,
				AEE825B51CB77F6600690130 /* libz.tbd in Frameworks */,
				AEE825B11CB763E100690130 /* libWeChatSDK.a in Frameworks */,
				1F7FF2B772D5573A48E68B20 /* libPods.a in Frameworks */,
			);
			runOnlyForDeploymentPostprocessing = 0;
		};
		AE7A011A1C9675A60058045F /* Frameworks */ = {
			isa = PBXFrameworksBuildPhase;
			buildActionMask = 2147483647;
			files = (
			);
			runOnlyForDeploymentPostprocessing = 0;
		};
		AE7A01251C9675A60058045F /* Frameworks */ = {
			isa = PBXFrameworksBuildPhase;
			buildActionMask = 2147483647;
			files = (
			);
			runOnlyForDeploymentPostprocessing = 0;
		};
/* End PBXFrameworksBuildPhase section */

/* Begin PBXGroup section */
		186CF42F1CE3725300CF612B /* PaiPaiDai */ = {
			isa = PBXGroup;
			children = (
				186CF4301CE3727600CF612B /* LoansSDK.h */,
				186CF4311CE3727600CF612B /* PPDLoanSdk.h */,
				186CF4321CE3727600CF612B /* PPDRsa.h */,
				186CF4331CE3727600CF612B /* PPDLoan.bundle */,
				186CF4341CE3727600CF612B /* rlibLoansSDK.a */,
			);
			name = PaiPaiDai;
			sourceTree = "<group>";
		};
		703F736FCA72BD7737F4A9C6 /* Pods */ = {
			isa = PBXGroup;
			children = (
				A1E92D080D59A954FB1AF1F6 /* Pods.debug.xcconfig */,
				E8E239A8D02EA74D23DAC96E /* Pods.release.xcconfig */,
			);
			name = Pods;
			sourceTree = "<group>";
		};
		AE19DA991CBF3CC400E601E5 /* Main */ = {
			isa = PBXGroup;
			children = (
				AE19DAA71CBF401400E601E5 /* View */,
				AE19DA9E1CBF3E1000E601E5 /* Cell */,
				AE7A01441C96AFBD0058045F /* MainViewController.h */,
				AE7A01451C96AFBD0058045F /* MainViewController.m */,
				186CF3E41CD3245700CF612B /* LoanDetailViewController.h */,
				186CF3E51CD3245700CF612B /* LoanDetailViewController.m */,
				186CF4071CD368B000CF612B /* CommentViewController.h */,
				186CF4081CD368B000CF612B /* CommentViewController.m */,
			);
			name = Main;
			sourceTree = "<group>";
		};
		AE19DA9A1CBF3CD900E601E5 /* DaiKuan */ = {
			isa = PBXGroup;
			children = (
				AE7A01481C96B0000058045F /* DaikuanViewController.h */,
				AE7A01491C96B0000058045F /* DaikuanViewController.m */,
			);
			name = DaiKuan;
			sourceTree = "<group>";
		};
		AE19DA9B1CBF3CEA00E601E5 /* CreditList */ = {
			isa = PBXGroup;
			children = (
				AE7A014B1C96B00F0058045F /* CreditCardViewController.h */,
				AE7A014C1C96B00F0058045F /* CreditCardViewController.m */,
			);
			name = CreditList;
			sourceTree = "<group>";
		};
		AE19DA9C1CBF3D0B00E601E5 /* User */ = {
			isa = PBXGroup;
			children = (
				AE7CFB4D1CACCF36003EC1CF /* UserViewController.h */,
				AE7CFB4E1CACCF36003EC1CF /* UserViewController.m */,
				AEE8BEEF1CAE56B000064618 /* FeedBackViewController.h */,
				AEE8BEF01CAE56B000064618 /* FeedBackViewController.m */,
				AEE8BF001CAE61CD00064618 /* AboutUsViewController.h */,
				AEE8BF011CAE61CD00064618 /* AboutUsViewController.m */,
				AEE825CF1CBB71EA00690130 /* CreditManagerViewController.h */,
				AEE825D01CBB71EA00690130 /* CreditManagerViewController.m */,
				18DA9F921CC10A1A0087E2E6 /* LoanProgressTableViewController.h */,
				18DA9F931CC10A1A0087E2E6 /* LoanProgressTableViewController.m */,
			);
			name = User;
			sourceTree = "<group>";
		};
		AE19DA9E1CBF3E1000E601E5 /* Cell */ = {
			isa = PBXGroup;
			children = (
				AE19DA9F1CBF3E3100E601E5 /* HomeTableViewCell.h */,
				AE19DAA01CBF3E3100E601E5 /* HomeTableViewCell.m */,
				AE19DAA81CBF4D5500E601E5 /* HotLoanTableViewCell.h */,
				AE19DAA91CBF4D5500E601E5 /* HotLoanTableViewCell.m */,
				AE19DAAB1CBF4D6800E601E5 /* HotCreditTableViewCell.h */,
				AE19DAAC1CBF4D6800E601E5 /* HotCreditTableViewCell.m */,
				186CF3E71CD324A200CF612B /* LoanDetailTableViewCell.h */,
				186CF3E81CD324A200CF612B /* LoanDetailTableViewCell.m */,
				186CF3FB1CD33C7500CF612B /* CommentTableViewCell.h */,
				186CF3FC1CD33C7500CF612B /* CommentTableViewCell.m */,
			);
			name = Cell;
			sourceTree = "<group>";
		};
		AE19DAA71CBF401400E601E5 /* View */ = {
			isa = PBXGroup;
			children = (
				AE19DAA21CBF401000E601E5 /* HotBankView.h */,
				AE19DAA31CBF401000E601E5 /* HotBankView.m */,
				AE19DAA41CBF401000E601E5 /* HotBankView.xib */,
			);
			name = View;
			sourceTree = "<group>";
		};
		AE7A00FB1C9675A60058045F = {
			isa = PBXGroup;
			children = (
				AE19DA921CBF38D300E601E5 /* jisudai-PrefixHeader.pch */,
				AE7A01911C9B9EFA0058045F /* KLReachabilityManager.h */,
				AE7A01921C9B9EFA0058045F /* KLReachabilityManager.m */,
				AE7A01061C9675A60058045F /* jisudai */,
				AE7A01201C9675A60058045F /* jisudaiTests */,
				AE7A012B1C9675A60058045F /* jisudaiUITests */,
				AE7A01051C9675A60058045F /* Products */,
				703F736FCA72BD7737F4A9C6 /* Pods */,
				FC78667ADE3516AE725D53FC /* Frameworks */,
			);
			sourceTree = "<group>";
		};
		AE7A01051C9675A60058045F /* Products */ = {
			isa = PBXGroup;
			children = (
				AE7A01041C9675A60058045F /* jisudai.app */,
				AE7A011D1C9675A60058045F /* jisudaiTests.xctest */,
				AE7A01281C9675A60058045F /* jisudaiUITests.xctest */,
			);
			name = Products;
			sourceTree = "<group>";
		};
		AE7A01061C9675A60058045F /* jisudai */ = {
			isa = PBXGroup;
			children = (
				AE7A010A1C9675A60058045F /* AppDelegate.h */,
				AE7A010B1C9675A60058045F /* AppDelegate.m */,
				AE7A01101C9675A60058045F /* Main.storyboard */,
				AE7A01131C9675A60058045F /* Assets.xcassets */,
				AE7A01431C96AFA00058045F /* Common */,
				AE7CFB4A1CACCEA4003EC1CF /* UIKit */,
				AE7CFB4C1CACCED8003EC1CF /* Utils */,
				AEE825B31CB763F600690130 /* ThreePublic */,
				AE7A01151C9675A60058045F /* LaunchScreen.storyboard */,
				AE7A01181C9675A60058045F /* Info.plist */,
				AE7A01071C9675A60058045F /* Supporting Files */,
			);
			path = jisudai;
			sourceTree = "<group>";
		};
		AE7A01071C9675A60058045F /* Supporting Files */ = {
			isa = PBXGroup;
			children = (
				AE7A01081C9675A60058045F /* main.m */,
			);
			name = "Supporting Files";
			sourceTree = "<group>";
		};
		AE7A01201C9675A60058045F /* jisudaiTests */ = {
			isa = PBXGroup;
			children = (
				AE7A01211C9675A60058045F /* jisudaiTests.m */,
				AE7A01231C9675A60058045F /* Info.plist */,
			);
			path = jisudaiTests;
			sourceTree = "<group>";
		};
		AE7A012B1C9675A60058045F /* jisudaiUITests */ = {
			isa = PBXGroup;
			children = (
				AE7A012C1C9675A60058045F /* jisudaiUITests.m */,
				AE7A012E1C9675A60058045F /* Info.plist */,
			);
			path = jisudaiUITests;
			sourceTree = "<group>";
		};
		AE7A01431C96AFA00058045F /* Common */ = {
			isa = PBXGroup;
			children = (
				186CF4131CDEF72900CF612B /* GuideView.h */,
				186CF4141CDEF72900CF612B /* GuideView.m */,
				AEE8BEF51CAE571B00064618 /* ZYTextField.h */,
				AEE8BEF61CAE571B00064618 /* ZYTextField.m */,
				AE7A01511C96C4D30058045F /* ZYTabViewController.h */,
				AE7A01521C96C4D30058045F /* ZYTabViewController.m */,
				AE7A014E1C96BEB60058045F /* ZYNavigationViewController.h */,
				AE7A014F1C96BEB60058045F /* ZYNavigationViewController.m */,
				AE7A013D1C96AF110058045F /* JCCBaseWebViewController.h */,
				AE7A013E1C96AF110058045F /* JCCBaseWebViewController.m */,
				186CF4161CDF573700CF612B /* JCCBaseViewController.h */,
				186CF4171CDF573700CF612B /* JCCBaseViewController.m */,
				AE7A01401C96AF200058045F /* MKWebView.h */,
				AE7A01411C96AF200058045F /* MKWebView.m */,
				AE19DA961CBF3AA700E601E5 /* ImagePlayerView.h */,
				AE19DA971CBF3AA700E601E5 /* ImagePlayerView.m */,
				186CF3EA1CD32E4F00CF612B /* LineView.h */,
				186CF3EB1CD32E4F00CF612B /* LineView.m */,
			);
			name = Common;
			sourceTree = "<group>";
		};
		AE7CFB4A1CACCEA4003EC1CF /* UIKit */ = {
			isa = PBXGroup;
			children = (
				AE19DA991CBF3CC400E601E5 /* Main */,
				AE19DA9C1CBF3D0B00E601E5 /* User */,
				AE19DA9B1CBF3CEA00E601E5 /* CreditList */,
				AE19DA9A1CBF3CD900E601E5 /* DaiKuan */,
			);
			name = UIKit;
			sourceTree = "<group>";
		};
		AE7CFB4C1CACCED8003EC1CF /* Utils */ = {
			isa = PBXGroup;
			children = (
				18DA9F8F1CBFDD920087E2E6 /* HTTPRequestManager.h */,
				18DA9F901CBFDD920087E2E6 /* HTTPRequestManager.m */,
				AE19DA8B1CBF38AD00E601E5 /* WEHelper.h */,
				AE19DA8C1CBF38AD00E601E5 /* WEHelper.m */,
				AE19DA8D1CBF38AD00E601E5 /* AppMacDef.h */,
				AE19DA8E1CBF38AD00E601E5 /* AppFun.h */,
				AE19DA8F1CBF38AD00E601E5 /* AppFun.m */,
				AEE8BEF91CAE574B00064618 /* JCCDefine.h */,
				AEE8BEF21CAE570C00064618 /* UITextView+Placeholder.h */,
				AEE8BEF31CAE570C00064618 /* UITextView+Placeholder.m */,
				AE7A01541C96C4EF0058045F /* UIColor+Extend.h */,
				AE7A01551C96C4EF0058045F /* UIColor+Extend.m */,
				AEE8BEFA1CAE5B6000064618 /* UIViewExt.h */,
				AEE8BEFB1CAE5B6000064618 /* UIViewExt.m */,
				AE19DA9D1CBF3DB600E601E5 /* HTML5_URL.h */,
			);
			name = Utils;
			sourceTree = "<group>";
		};
		AEE825AB1CB763E100690130 /* WeiXing */ = {
			isa = PBXGroup;
			children = (
				AEE825AC1CB763E100690130 /* libWeChatSDK.a */,
				AEE825AD1CB763E100690130 /* read_me.txt */,
				AEE825AE1CB763E100690130 /* WechatAuthSDK.h */,
				AEE825AF1CB763E100690130 /* WXApi.h */,
				AEE825B01CB763E100690130 /* WXApiObject.h */,
			);
			name = WeiXing;
			path = SDK1.6.2;
			sourceTree = "<group>";
		};
		AEE825B31CB763F600690130 /* ThreePublic */ = {
			isa = PBXGroup;
			children = (
				186CF42F1CE3725300CF612B /* PaiPaiDai */,
				186CF4041CD35D2500CF612B /* UITableView+FDTemplateLayoutCell.h */,
				186CF4051CD35D2500CF612B /* UITableView+FDTemplateLayoutCell.m */,
				186CF3FE1CD34D9A00CF612B /* ASPopUpView.h */,
				186CF3FF1CD34D9A00CF612B /* ASPopUpView.m */,
				186CF4001CD34D9A00CF612B /* ASProgressPopUpView.h */,
				186CF4011CD34D9A00CF612B /* ASProgressPopUpView.m */,
				AE19DA931CBF397200E601E5 /* Reachability.h */,
				AE19DA941CBF397200E601E5 /* Reachability.m */,
				AEE825AB1CB763E100690130 /* WeiXing */,
			);
			name = ThreePublic;
			sourceTree = "<group>";
		};
		FC78667ADE3516AE725D53FC /* Frameworks */ = {
			isa = PBXGroup;
			children = (
				186CF43B1CE372CA00CF612B /* libiconv.tbd */,
				186CF4391CE372BE00CF612B /* libstdc++.tbd */,
				186CF4371CE372A600CF612B /* libsqlite3.tbd */,
				AEE825CD1CBB6FAB00690130 /* libxml2.tbd */,
				AEE825C01CB7849E00690130 /* libc++.tbd */,
				AEE825BE1CB77FAC00690130 /* Foundation.framework */,
				AEE825BC1CB77FA200690130 /* UIKit.framework */,
				AEE825BA1CB77F9800690130 /* SystemConfiguration.framework */,
				AEE825B81CB77F8C00690130 /* CoreTelephony.framework */,
				AEE825B61CB77F7500690130 /* libsqlite3.0.tbd */,
				AEE825B41CB77F6600690130 /* libz.tbd */,
				DDFF7A3F2BF16D036C8E217C /* libPods.a */,
			);
			name = Frameworks;
			sourceTree = "<group>";
		};
/* End PBXGroup section */

/* Begin PBXNativeTarget section */
		AE7A01031C9675A60058045F /* jisudai */ = {
			isa = PBXNativeTarget;
			buildConfigurationList = AE7A01311C9675A60058045F /* Build configuration list for PBXNativeTarget "jisudai" */;
			buildPhases = (
				9FCAFAF297C184B816A7F709 /* Check Pods Manifest.lock */,
				AE7A01001C9675A60058045F /* Sources */,
				AE7A01011C9675A60058045F /* Frameworks */,
				AE7A01021C9675A60058045F /* Resources */,
				7DEB6C6F97407102DAB31C5A /* Embed Pods Frameworks */,
				5CA471D8C75147DA3B3970B9 /* Copy Pods Resources */,
			);
			buildRules = (
			);
			dependencies = (
			);
			name = jisudai;
			productName = jisudai;
			productReference = AE7A01041C9675A60058045F /* jisudai.app */;
			productType = "com.apple.product-type.application";
		};
		AE7A011C1C9675A60058045F /* jisudaiTests */ = {
			isa = PBXNativeTarget;
			buildConfigurationList = AE7A01341C9675A60058045F /* Build configuration list for PBXNativeTarget "jisudaiTests" */;
			buildPhases = (
				AE7A01191C9675A60058045F /* Sources */,
				AE7A011A1C9675A60058045F /* Frameworks */,
				AE7A011B1C9675A60058045F /* Resources */,
			);
			buildRules = (
			);
			dependencies = (
				AE7A011F1C9675A60058045F /* PBXTargetDependency */,
			);
			name = jisudaiTests;
			productName = jisudaiTests;
			productReference = AE7A011D1C9675A60058045F /* jisudaiTests.xctest */;
			productType = "com.apple.product-type.bundle.unit-test";
		};
		AE7A01271C9675A60058045F /* jisudaiUITests */ = {
			isa = PBXNativeTarget;
			buildConfigurationList = AE7A01371C9675A60058045F /* Build configuration list for PBXNativeTarget "jisudaiUITests" */;
			buildPhases = (
				AE7A01241C9675A60058045F /* Sources */,
				AE7A01251C9675A60058045F /* Frameworks */,
				AE7A01261C9675A60058045F /* Resources */,
			);
			buildRules = (
			);
			dependencies = (
				AE7A012A1C9675A60058045F /* PBXTargetDependency */,
			);
			name = jisudaiUITests;
			productName = jisudaiUITests;
			productReference = AE7A01281C9675A60058045F /* jisudaiUITests.xctest */;
			productType = "com.apple.product-type.bundle.ui-testing";
		};
/* End PBXNativeTarget section */

/* Begin PBXProject section */
		AE7A00FC1C9675A60058045F /* Project object */ = {
			isa = PBXProject;
			attributes = {
				LastUpgradeCheck = 0720;
				ORGANIZATIONNAME = xiaoya;
				TargetAttributes = {
					AE7A01031C9675A60058045F = {
						CreatedOnToolsVersion = 7.2;
						DevelopmentTeam = X92C369FEQ;
					};
					AE7A011C1C9675A60058045F = {
						CreatedOnToolsVersion = 7.2;
						TestTargetID = AE7A01031C9675A60058045F;
					};
					AE7A01271C9675A60058045F = {
						CreatedOnToolsVersion = 7.2;
						TestTargetID = AE7A01031C9675A60058045F;
					};
				};
			};
			buildConfigurationList = AE7A00FF1C9675A60058045F /* Build configuration list for PBXProject "jisudai" */;
			compatibilityVersion = "Xcode 3.2";
			developmentRegion = English;
			hasScannedForEncodings = 0;
			knownRegions = (
				en,
				Base,
			);
			mainGroup = AE7A00FB1C9675A60058045F;
			productRefGroup = AE7A01051C9675A60058045F /* Products */;
			projectDirPath = "";
			projectRoot = "";
			targets = (
				AE7A01031C9675A60058045F /* jisudai */,
				AE7A011C1C9675A60058045F /* jisudaiTests */,
				AE7A01271C9675A60058045F /* jisudaiUITests */,
			);
		};
/* End PBXProject section */

/* Begin PBXResourcesBuildPhase section */
		AE7A01021C9675A60058045F /* Resources */ = {
			isa = PBXResourcesBuildPhase;
			buildActionMask = 2147483647;
			files = (
				AE7A01171C9675A60058045F /* LaunchScreen.storyboard in Resources */,
				AE7A01141C9675A60058045F /* Assets.xcassets in Resources */,
				AE7A01121C9675A60058045F /* Main.storyboard in Resources */,
				AE19DAA61CBF401000E601E5 /* HotBankView.xib in Resources */,
				186CF4351CE3727600CF612B /* PPDLoan.bundle in Resources */,
				AEE825B21CB763E100690130 /* read_me.txt in Resources */,
			);
			runOnlyForDeploymentPostprocessing = 0;
		};
		AE7A011B1C9675A60058045F /* Resources */ = {
			isa = PBXResourcesBuildPhase;
			buildActionMask = 2147483647;
			files = (
			);
			runOnlyForDeploymentPostprocessing = 0;
		};
		AE7A01261C9675A60058045F /* Resources */ = {
			isa = PBXResourcesBuildPhase;
			buildActionMask = 2147483647;
			files = (
			);
			runOnlyForDeploymentPostprocessing = 0;
		};
/* End PBXResourcesBuildPhase section */

/* Begin PBXShellScriptBuildPhase section */
		5CA471D8C75147DA3B3970B9 /* Copy Pods Resources */ = {
			isa = PBXShellScriptBuildPhase;
			buildActionMask = 2147483647;
			files = (
			);
			inputPaths = (
			);
			name = "Copy Pods Resources";
			outputPaths = (
			);
			runOnlyForDeploymentPostprocessing = 0;
			shellPath = /bin/sh;
			shellScript = "\"${SRCROOT}/Pods/Target Support Files/Pods/Pods-resources.sh\"\n";
			showEnvVarsInLog = 0;
		};
		7DEB6C6F97407102DAB31C5A /* Embed Pods Frameworks */ = {
			isa = PBXShellScriptBuildPhase;
			buildActionMask = 2147483647;
			files = (
			);
			inputPaths = (
			);
			name = "Embed Pods Frameworks";
			outputPaths = (
			);
			runOnlyForDeploymentPostprocessing = 0;
			shellPath = /bin/sh;
			shellScript = "\"${SRCROOT}/Pods/Target Support Files/Pods/Pods-frameworks.sh\"\n";
			showEnvVarsInLog = 0;
		};
		9FCAFAF297C184B816A7F709 /* Check Pods Manifest.lock */ = {
			isa = PBXShellScriptBuildPhase;
			buildActionMask = 2147483647;
			files = (
			);
			inputPaths = (
			);
			name = "Check Pods Manifest.lock";
			outputPaths = (
			);
			runOnlyForDeploymentPostprocessing = 0;
			shellPath = /bin/sh;
			shellScript = "diff \"${PODS_ROOT}/../Podfile.lock\" \"${PODS_ROOT}/Manifest.lock\" > /dev/null\nif [[ $? != 0 ]] ; then\n    cat << EOM\nerror: The sandbox is not in sync with the Podfile.lock. Run 'pod install' or update your CocoaPods installation.\nEOM\n    exit 1\nfi\n";
			showEnvVarsInLog = 0;
		};
/* End PBXShellScriptBuildPhase section */

/* Begin PBXSourcesBuildPhase section */
		AE7A01001C9675A60058045F /* Sources */ = {
			isa = PBXSourcesBuildPhase;
			buildActionMask = 2147483647;
			files = (
				AE7A014A1C96B0000058045F /* DaikuanViewController.m in Sources */,
				AE7A01501C96BEB60058045F /* ZYNavigationViewController.m in Sources */,
				AE7A013F1C96AF110058045F /* JCCBaseWebViewController.m in Sources */,
				AE7A010C1C9675A60058045F /* AppDelegate.m in Sources */,
				AEE8BEF71CAE571B00064618 /* ZYTextField.m in Sources */,
				186CF4151CDEF72900CF612B /* GuideView.m in Sources */,
				AE7A01091C9675A60058045F /* main.m in Sources */,
				AE19DAAA1CBF4D5500E601E5 /* HotLoanTableViewCell.m in Sources */,
				AE7A01931C9B9EFA0058045F /* KLReachabilityManager.m in Sources */,
				186CF3EC1CD32E4F00CF612B /* LineView.m in Sources */,
				186CF4061CD35D2500CF612B /* UITableView+FDTemplateLayoutCell.m in Sources */,
				AE19DAAD1CBF4D6800E601E5 /* HotCreditTableViewCell.m in Sources */,
				186CF3E91CD324A200CF612B /* LoanDetailTableViewCell.m in Sources */,
				186CF4091CD368B000CF612B /* CommentViewController.m in Sources */,
				AE7A01561C96C4EF0058045F /* UIColor+Extend.m in Sources */,
				AEE825D11CBB71EA00690130 /* CreditManagerViewController.m in Sources */,
				18DA9F911CBFDD920087E2E6 /* HTTPRequestManager.m in Sources */,
				AE19DA981CBF3AA700E601E5 /* ImagePlayerView.m in Sources */,
				AE19DAA51CBF401000E601E5 /* HotBankView.m in Sources */,
				AE19DA911CBF38AD00E601E5 /* AppFun.m in Sources */,
				186CF3FD1CD33C7500CF612B /* CommentTableViewCell.m in Sources */,
				186CF3E61CD3245800CF612B /* LoanDetailViewController.m in Sources */,
				AEE8BF021CAE61CD00064618 /* AboutUsViewController.m in Sources */,
				AEE8BEF11CAE56B000064618 /* FeedBackViewController.m in Sources */,
				AE7A01531C96C4D30058045F /* ZYTabViewController.m in Sources */,
				AE7A01461C96AFBD0058045F /* MainViewController.m in Sources */,
				18DA9F941CC10A1A0087E2E6 /* LoanProgressTableViewController.m in Sources */,
				AE19DA951CBF397200E601E5 /* Reachability.m in Sources */,
				AE7A01421C96AF200058045F /* MKWebView.m in Sources */,
				AE7A014D1C96B00F0058045F /* CreditCardViewController.m in Sources */,
				AE7CFB4F1CACCF36003EC1CF /* UserViewController.m in Sources */,
				186CF4021CD34D9A00CF612B /* ASPopUpView.m in Sources */,
				AEE8BEF41CAE570C00064618 /* UITextView+Placeholder.m in Sources */,
				AE19DAA11CBF3E3100E601E5 /* HomeTableViewCell.m in Sources */,
				186CF4181CDF573700CF612B /* JCCBaseViewController.m in Sources */,
				186CF4031CD34D9A00CF612B /* ASProgressPopUpView.m in Sources */,
				AE19DA901CBF38AD00E601E5 /* WEHelper.m in Sources */,
				AEE8BEFC1CAE5B6000064618 /* UIViewExt.m in Sources */,
			);
			runOnlyForDeploymentPostprocessing = 0;
		};
		AE7A01191C9675A60058045F /* Sources */ = {
			isa = PBXSourcesBuildPhase;
			buildActionMask = 2147483647;
			files = (
				AE7A01221C9675A60058045F /* jisudaiTests.m in Sources */,
			);
			runOnlyForDeploymentPostprocessing = 0;
		};
		AE7A01241C9675A60058045F /* Sources */ = {
			isa = PBXSourcesBuildPhase;
			buildActionMask = 2147483647;
			files = (
				AE7A012D1C9675A60058045F /* jisudaiUITests.m in Sources */,
			);
			runOnlyForDeploymentPostprocessing = 0;
		};
/* End PBXSourcesBuildPhase section */

/* Begin PBXTargetDependency section */
		AE7A011F1C9675A60058045F /* PBXTargetDependency */ = {
			isa = PBXTargetDependency;
			target = AE7A01031C9675A60058045F /* jisudai */;
			targetProxy = AE7A011E1C9675A60058045F /* PBXContainerItemProxy */;
		};
		AE7A012A1C9675A60058045F /* PBXTargetDependency */ = {
			isa = PBXTargetDependency;
			target = AE7A01031C9675A60058045F /* jisudai */;
			targetProxy = AE7A01291C9675A60058045F /* PBXContainerItemProxy */;
		};
/* End PBXTargetDependency section */

/* Begin PBXVariantGroup section */
		AE7A01101C9675A60058045F /* Main.storyboard */ = {
			isa = PBXVariantGroup;
			children = (
				AE7A01111C9675A60058045F /* Base */,
			);
			name = Main.storyboard;
			sourceTree = "<group>";
		};
		AE7A01151C9675A60058045F /* LaunchScreen.storyboard */ = {
			isa = PBXVariantGroup;
			children = (
				AE7A01161C9675A60058045F /* Base */,
			);
			name = LaunchScreen.storyboard;
			sourceTree = "<group>";
		};
/* End PBXVariantGroup section */

/* Begin XCBuildConfiguration section */
		AE7A012F1C9675A60058045F /* Debug */ = {
			isa = XCBuildConfiguration;
			buildSettings = {
				ALWAYS_SEARCH_USER_PATHS = NO;
				CLANG_CXX_LANGUAGE_STANDARD = "gnu++0x";
				CLANG_CXX_LIBRARY = "libc++";
				CLANG_ENABLE_MODULES = YES;
				CLANG_ENABLE_OBJC_ARC = YES;
				CLANG_WARN_BOOL_CONVERSION = YES;
				CLANG_WARN_CONSTANT_CONVERSION = YES;
				CLANG_WARN_DIRECT_OBJC_ISA_USAGE = YES_ERROR;
				CLANG_WARN_EMPTY_BODY = YES;
				CLANG_WARN_ENUM_CONVERSION = YES;
				CLANG_WARN_INT_CONVERSION = YES;
				CLANG_WARN_OBJC_ROOT_CLASS = YES_ERROR;
				CLANG_WARN_UNREACHABLE_CODE = YES;
				CLANG_WARN__DUPLICATE_METHOD_MATCH = YES;
				"CODE_SIGN_IDENTITY[sdk=iphoneos*]" = "iPhone Developer";
				COPY_PHASE_STRIP = NO;
				DEBUG_INFORMATION_FORMAT = dwarf;
				ENABLE_STRICT_OBJC_MSGSEND = YES;
				ENABLE_TESTABILITY = YES;
				GCC_C_LANGUAGE_STANDARD = gnu99;
				GCC_DYNAMIC_NO_PIC = NO;
				GCC_NO_COMMON_BLOCKS = YES;
				GCC_OPTIMIZATION_LEVEL = 0;
				GCC_PREPROCESSOR_DEFINITIONS = (
					"DEBUG=1",
					"$(inherited)",
				);
				GCC_WARN_64_TO_32_BIT_CONVERSION = YES;
				GCC_WARN_ABOUT_RETURN_TYPE = YES_ERROR;
				GCC_WARN_UNDECLARED_SELECTOR = YES;
				GCC_WARN_UNINITIALIZED_AUTOS = YES_AGGRESSIVE;
				GCC_WARN_UNUSED_FUNCTION = YES;
				GCC_WARN_UNUSED_VARIABLE = YES;
				IPHONEOS_DEPLOYMENT_TARGET = 9.2;
				MTL_ENABLE_DEBUG_INFO = YES;
				ONLY_ACTIVE_ARCH = YES;
				SDKROOT = iphoneos;
			};
			name = Debug;
		};
		AE7A01301C9675A60058045F /* Release */ = {
			isa = XCBuildConfiguration;
			buildSettings = {
				ALWAYS_SEARCH_USER_PATHS = NO;
				CLANG_CXX_LANGUAGE_STANDARD = "gnu++0x";
				CLANG_CXX_LIBRARY = "libc++";
				CLANG_ENABLE_MODULES = YES;
				CLANG_ENABLE_OBJC_ARC = YES;
				CLANG_WARN_BOOL_CONVERSION = YES;
				CLANG_WARN_CONSTANT_CONVERSION = YES;
				CLANG_WARN_DIRECT_OBJC_ISA_USAGE = YES_ERROR;
				CLANG_WARN_EMPTY_BODY = YES;
				CLANG_WARN_ENUM_CONVERSION = YES;
				CLANG_WARN_INT_CONVERSION = YES;
				CLANG_WARN_OBJC_ROOT_CLASS = YES_ERROR;
				CLANG_WARN_UNREACHABLE_CODE = YES;
				CLANG_WARN__DUPLICATE_METHOD_MATCH = YES;
				"CODE_SIGN_IDENTITY[sdk=iphoneos*]" = "iPhone Developer";
				COPY_PHASE_STRIP = NO;
				DEBUG_INFORMATION_FORMAT = "dwarf-with-dsym";
				ENABLE_NS_ASSERTIONS = NO;
				ENABLE_STRICT_OBJC_MSGSEND = YES;
				GCC_C_LANGUAGE_STANDARD = gnu99;
				GCC_NO_COMMON_BLOCKS = YES;
				GCC_WARN_64_TO_32_BIT_CONVERSION = YES;
				GCC_WARN_ABOUT_RETURN_TYPE = YES_ERROR;
				GCC_WARN_UNDECLARED_SELECTOR = YES;
				GCC_WARN_UNINITIALIZED_AUTOS = YES_AGGRESSIVE;
				GCC_WARN_UNUSED_FUNCTION = YES;
				GCC_WARN_UNUSED_VARIABLE = YES;
				IPHONEOS_DEPLOYMENT_TARGET = 9.2;
				MTL_ENABLE_DEBUG_INFO = NO;
				SDKROOT = iphoneos;
				VALIDATE_PRODUCT = YES;
			};
			name = Release;
		};
		AE7A01321C9675A60058045F /* Debug */ = {
			isa = XCBuildConfiguration;
			baseConfigurationReference = A1E92D080D59A954FB1AF1F6 /* Pods.debug.xcconfig */;
			buildSettings = {
				ASSETCATALOG_COMPILER_APPICON_NAME = AppIcon;
				ASSETCATALOG_COMPILER_LAUNCHIMAGE_NAME = LaunchImage;
				CLANG_CXX_LANGUAGE_STANDARD = "compiler-default";
				CLANG_CXX_LIBRARY = "compiler-default";
				CODE_SIGN_IDENTITY = "iPhone Developer";
				"CODE_SIGN_IDENTITY[sdk=iphoneos*]" = "iPhone Developer";
				ENABLE_BITCODE = NO;
				GCC_PRECOMPILE_PREFIX_HEADER = YES;
				GCC_PREFIX_HEADER = "$(SRCROOT)/jisudai-PrefixHeader.pch";
				INFOPLIST_FILE = jisudai/Info.plist;
				IPHONEOS_DEPLOYMENT_TARGET = 7.0;
				LD_RUNPATH_SEARCH_PATHS = "$(inherited) @executable_path/Frameworks";
				LIBRARY_SEARCH_PATHS = (
					"$(inherited)",
					"$(PROJECT_DIR)/jisudai/SDK1.6.2",
					"$(PROJECT_DIR)/jisudai",
				);
				PRODUCT_BUNDLE_IDENTIFIER = com.xiaoya.jisudai;
				PRODUCT_NAME = "$(TARGET_NAME)";
				PROVISIONING_PROFILE = "";
				TARGETED_DEVICE_FAMILY = "1,2";
			};
			name = Debug;
		};
		AE7A01331C9675A60058045F /* Release */ = {
			isa = XCBuildConfiguration;
			baseConfigurationReference = E8E239A8D02EA74D23DAC96E /* Pods.release.xcconfig */;
			buildSettings = {
				ASSETCATALOG_COMPILER_APPICON_NAME = AppIcon;
				ASSETCATALOG_COMPILER_LAUNCHIMAGE_NAME = LaunchImage;
				CLANG_CXX_LANGUAGE_STANDARD = "compiler-default";
				CLANG_CXX_LIBRARY = "compiler-default";
				CODE_SIGN_IDENTITY = "iPhone Developer";
				"CODE_SIGN_IDENTITY[sdk=iphoneos*]" = "iPhone Developer";
				ENABLE_BITCODE = NO;
				GCC_PRECOMPILE_PREFIX_HEADER = YES;
				GCC_PREFIX_HEADER = "$(SRCROOT)/jisudai-PrefixHeader.pch";
				INFOPLIST_FILE = jisudai/Info.plist;
				IPHONEOS_DEPLOYMENT_TARGET = 7.0;
				LD_RUNPATH_SEARCH_PATHS = "$(inherited) @executable_path/Frameworks";
				LIBRARY_SEARCH_PATHS = (
					"$(inherited)",
					"$(PROJECT_DIR)/jisudai/SDK1.6.2",
					"$(PROJECT_DIR)/jisudai",
				);
				PRODUCT_BUNDLE_IDENTIFIER = com.xiaoya.jisudai;
				PRODUCT_NAME = "$(TARGET_NAME)";
				PROVISIONING_PROFILE = "";
				TARGETED_DEVICE_FAMILY = "1,2";
			};
			name = Release;
		};
		AE7A01351C9675A60058045F /* Debug */ = {
			isa = XCBuildConfiguration;
			buildSettings = {
				BUNDLE_LOADER = "$(TEST_HOST)";
				INFOPLIST_FILE = jisudaiTests/Info.plist;
				LD_RUNPATH_SEARCH_PATHS = "$(inherited) @executable_path/Frameworks @loader_path/Frameworks";
				PRODUCT_BUNDLE_IDENTIFIER = com.xiaoya.jisudaiTests;
				PRODUCT_NAME = "$(TARGET_NAME)";
				TEST_HOST = "$(BUILT_PRODUCTS_DIR)/jisudai.app/jisudai";
			};
			name = Debug;
		};
		AE7A01361C9675A60058045F /* Release */ = {
			isa = XCBuildConfiguration;
			buildSettings = {
				BUNDLE_LOADER = "$(TEST_HOST)";
				INFOPLIST_FILE = jisudaiTests/Info.plist;
				LD_RUNPATH_SEARCH_PATHS = "$(inherited) @executable_path/Frameworks @loader_path/Frameworks";
				PRODUCT_BUNDLE_IDENTIFIER = com.xiaoya.jisudaiTests;
				PRODUCT_NAME = "$(TARGET_NAME)";
				TEST_HOST = "$(BUILT_PRODUCTS_DIR)/jisudai.app/jisudai";
			};
			name = Release;
		};
		AE7A01381C9675A60058045F /* Debug */ = {
			isa = XCBuildConfiguration;
			buildSettings = {
				INFOPLIST_FILE = jisudaiUITests/Info.plist;
				LD_RUNPATH_SEARCH_PATHS = "$(inherited) @executable_path/Frameworks @loader_path/Frameworks";
				PRODUCT_BUNDLE_IDENTIFIER = com.xiaoya.jisudaiUITests;
				PRODUCT_NAME = "$(TARGET_NAME)";
				TEST_TARGET_NAME = jisudai;
				USES_XCTRUNNER = YES;
			};
			name = Debug;
		};
		AE7A01391C9675A60058045F /* Release */ = {
			isa = XCBuildConfiguration;
			buildSettings = {
				INFOPLIST_FILE = jisudaiUITests/Info.plist;
				LD_RUNPATH_SEARCH_PATHS = "$(inherited) @executable_path/Frameworks @loader_path/Frameworks";
				PRODUCT_BUNDLE_IDENTIFIER = com.xiaoya.jisudaiUITests;
				PRODUCT_NAME = "$(TARGET_NAME)";
				TEST_TARGET_NAME = jisudai;
				USES_XCTRUNNER = YES;
			};
			name = Release;
		};
/* End XCBuildConfiguration section */

/* Begin XCConfigurationList section */
		AE7A00FF1C9675A60058045F /* Build configuration list for PBXProject "jisudai" */ = {
			isa = XCConfigurationList;
			buildConfigurations = (
				AE7A012F1C9675A60058045F /* Debug */,
				AE7A01301C9675A60058045F /* Release */,
			);
			defaultConfigurationIsVisible = 0;
			defaultConfigurationName = Release;
		};
		AE7A01311C9675A60058045F /* Build configuration list for PBXNativeTarget "jisudai" */ = {
			isa = XCConfigurationList;
			buildConfigurations = (
				AE7A01321C9675A60058045F /* Debug */,
				AE7A01331C9675A60058045F /* Release */,
			);
			defaultConfigurationIsVisible = 0;
			defaultConfigurationName = Release;
		};
		AE7A01341C9675A60058045F /* Build configuration list for PBXNativeTarget "jisudaiTests" */ = {
			isa = XCConfigurationList;
			buildConfigurations = (
				AE7A01351C9675A60058045F /* Debug */,
				AE7A01361C9675A60058045F /* Release */,
			);
			defaultConfigurationIsVisible = 0;
			defaultConfigurationName = Release;
		};
		AE7A01371C9675A60058045F /* Build configuration list for PBXNativeTarget "jisudaiUITests" */ = {
			isa = XCConfigurationList;
			buildConfigurations = (
				AE7A01381C9675A60058045F /* Debug */,
				AE7A01391C9675A60058045F /* Release */,
			);
			defaultConfigurationIsVisible = 0;
			defaultConfigurationName = Release;
		};
/* End XCConfigurationList section */
	};
	rootObject = AE7A00FC1C9675A60058045F /* Project object */;
}
